// !$*UTF8*$!
{
	archiveVersion = 1;
	classes = {
	};
	objectVersion = 46;
	objects = {

/* Begin PBXFileReference section */
		05B280C21EF48CFF00AE4975 /* m404-demo.ino */ = {isa = PBXFileReference; lastKnownFileType = text; name = "m404-demo.ino"; path = "arduino/m404-demo.ino"; sourceTree = "<group>"; };
/* End PBXFileReference section */

/* Begin PBXGroup section */
		05B280BB1EF48C2A00AE4975 = {
			isa = PBXGroup;
			children = (
				05B280C21EF48CFF00AE4975 /* m404-demo.ino */,
			);
			sourceTree = "<group>";
		};
/* End PBXGroup section */

/* Begin PBXProject section */
		05B280BC1EF48C2A00AE4975 /* Project object */ = {
			isa = PBXProject;
			attributes = {
				LastUpgradeCheck = 0830;
			};
			buildConfigurationList = 05B280BF1EF48C2A00AE4975 /* Build configuration list for PBXProject "m404" */;
			compatibilityVersion = "Xcode 3.2";
			developmentRegion = English;
			hasScannedForEncodings = 0;
			knownRegions = (
				en,
			);
			mainGroup = 05B280BB1EF48C2A00AE4975;
			projectDirPath = "";
			projectRoot = "";
			targets = (
			);
		};
/* End PBXProject section */

/* Begin XCBuildConfiguration section */
		05B280C01EF48C2A00AE4975 /* Debug */ = {
			isa = XCBuildConfiguration;
			buildSettings = {
			};
			name = Debug;
		};
		05B280C11EF48C2A00AE4975 /* Release */ = {
			isa = XCBuildConfiguration;
			buildSettings = {
			};
			name = Release;
		};
/* End XCBuildConfiguration section */

/* Begin XCConfigurationList section */
		05B280BF1EF48C2A00AE4975 /* Build configuration list for PBXProject "m404" */ = {
			isa = XCConfigurationList;
			buildConfigurations = (
				05B280C01EF48C2A00AE4975 /* Debug */,
				05B280C11EF48C2A00AE4975 /* Release */,
			);
			defaultConfigurationIsVisible = 0;
			defaultConfigurationName = Release;
		};
/* End XCConfigurationList section */
	};
	rootObject = 05B280BC1EF48C2A00AE4975 /* Project object */;
}
